// !$*UTF8*$!
{
	archiveVersion = 1;
	classes = {
	};
	objectVersion = 46;
	objects = {

/* Begin PBXBuildFile section */
		6ABA746C1E6D491B009142C2 /* AppDelegate.swift in Sources */ = {isa = PBXBuildFile; fileRef = 6ABA746B1E6D491B009142C2 /* AppDelegate.swift */; };
		6ABA746E1E6D491B009142C2 /* ViewController.swift in Sources */ = {isa = PBXBuildFile; fileRef = 6ABA746D1E6D491B009142C2 /* ViewController.swift */; };
		6ABA74711E6D491B009142C2 /* Main.storyboard in Resources */ = {isa = PBXBuildFile; fileRef = 6ABA746F1E6D491B009142C2 /* Main.storyboard */; };
		6ABA74741E6D491B009142C2 /* button_animations.xcdatamodeld in Sources */ = {isa = PBXBuildFile; fileRef = 6ABA74721E6D491B009142C2 /* button_animations.xcdatamodeld */; };
		6ABA74761E6D491B009142C2 /* Assets.xcassets in Resources */ = {isa = PBXBuildFile; fileRef = 6ABA74751E6D491B009142C2 /* Assets.xcassets */; };
		6ABA74791E6D491B009142C2 /* LaunchScreen.storyboard in Resources */ = {isa = PBXBuildFile; fileRef = 6ABA74771E6D491B009142C2 /* LaunchScreen.storyboard */; };
		6ABA74841E6D491B009142C2 /* button_animationsTests.swift in Sources */ = {isa = PBXBuildFile; fileRef = 6ABA74831E6D491B009142C2 /* button_animationsTests.swift */; };
		6ABA748F1E6D491B009142C2 /* button_animationsUITests.swift in Sources */ = {isa = PBXBuildFile; fileRef = 6ABA748E1E6D491B009142C2 /* button_animationsUITests.swift */; };
/* End PBXBuildFile section */

/* Begin PBXContainerItemProxy section */
		6ABA74801E6D491B009142C2 /* PBXContainerItemProxy */ = {
			isa = PBXContainerItemProxy;
			containerPortal = 6ABA74601E6D491A009142C2 /* Project object */;
			proxyType = 1;
			remoteGlobalIDString = 6ABA74671E6D491B009142C2;
			remoteInfo = button_animations;
		};
		6ABA748B1E6D491B009142C2 /* PBXContainerItemProxy */ = {
			isa = PBXContainerItemProxy;
			containerPortal = 6ABA74601E6D491A009142C2 /* Project object */;
			proxyType = 1;
			remoteGlobalIDString = 6ABA74671E6D491B009142C2;
			remoteInfo = button_animations;
		};
/* End PBXContainerItemProxy section */

/* Begin PBXFileReference section */
		6ABA74681E6D491B009142C2 /* button_animations.app */ = {isa = PBXFileReference; explicitFileType = wrapper.application; includeInIndex = 0; path = button_animations.app; sourceTree = BUILT_PRODUCTS_DIR; };
		6ABA746B1E6D491B009142C2 /* AppDelegate.swift */ = {isa = PBXFileReference; lastKnownFileType = sourcecode.swift; path = AppDelegate.swift; sourceTree = "<group>"; };
		6ABA746D1E6D491B009142C2 /* ViewController.swift */ = {isa = PBXFileReference; lastKnownFileType = sourcecode.swift; path = ViewController.swift; sourceTree = "<group>"; };
		6ABA74701E6D491B009142C2 /* Base */ = {isa = PBXFileReference; lastKnownFileType = file.storyboard; name = Base; path = Base.lproj/Main.storyboard; sourceTree = "<group>"; };
		6ABA74731E6D491B009142C2 /* button_animations.xcdatamodel */ = {isa = PBXFileReference; lastKnownFileType = wrapper.xcdatamodel; path = button_animations.xcdatamodel; sourceTree = "<group>"; };
		6ABA74751E6D491B009142C2 /* Assets.xcassets */ = {isa = PBXFileReference; lastKnownFileType = folder.assetcatalog; path = Assets.xcassets; sourceTree = "<group>"; };
		6ABA74781E6D491B009142C2 /* Base */ = {isa = PBXFileReference; lastKnownFileType = file.storyboard; name = Base; path = Base.lproj/LaunchScreen.storyboard; sourceTree = "<group>"; };
		6ABA747A1E6D491B009142C2 /* Info.plist */ = {isa = PBXFileReference; lastKnownFileType = text.plist.xml; path = Info.plist; sourceTree = "<group>"; };
		6ABA747F1E6D491B009142C2 /* button_animationsTests.xctest */ = {isa = PBXFileReference; explicitFileType = wrapper.cfbundle; includeInIndex = 0; path = button_animationsTests.xctest; sourceTree = BUILT_PRODUCTS_DIR; };
		6ABA74831E6D491B009142C2 /* button_animationsTests.swift */ = {isa = PBXFileReference; lastKnownFileType = sourcecode.swift; path = button_animationsTests.swift; sourceTree = "<group>"; };
		6ABA74851E6D491B009142C2 /* Info.plist */ = {isa = PBXFileReference; lastKnownFileType = text.plist.xml; path = Info.plist; sourceTree = "<group>"; };
		6ABA748A1E6D491B009142C2 /* button_animationsUITests.xctest */ = {isa = PBXFileReference; explicitFileType = wrapper.cfbundle; includeInIndex = 0; path = button_animationsUITests.xctest; sourceTree = BUILT_PRODUCTS_DIR; };
		6ABA748E1E6D491B009142C2 /* button_animationsUITests.swift */ = {isa = PBXFileReference; lastKnownFileType = sourcecode.swift; path = button_animationsUITests.swift; sourceTree = "<group>"; };
		6ABA74901E6D491B009142C2 /* Info.plist */ = {isa = PBXFileReference; lastKnownFileType = text.plist.xml; path = Info.plist; sourceTree = "<group>"; };
/* End PBXFileReference section */

/* Begin PBXFrameworksBuildPhase section */
		6ABA74651E6D491B009142C2 /* Frameworks */ = {
			isa = PBXFrameworksBuildPhase;
			buildActionMask = 2147483647;
			files = (
			);
			runOnlyForDeploymentPostprocessing = 0;
		};
		6ABA747C1E6D491B009142C2 /* Frameworks */ = {
			isa = PBXFrameworksBuildPhase;
			buildActionMask = 2147483647;
			files = (
			);
			runOnlyForDeploymentPostprocessing = 0;
		};
		6ABA74871E6D491B009142C2 /* Frameworks */ = {
			isa = PBXFrameworksBuildPhase;
			buildActionMask = 2147483647;
			files = (
			);
			runOnlyForDeploymentPostprocessing = 0;
		};
/* End PBXFrameworksBuildPhase section */

/* Begin PBXGroup section */
		6ABA745F1E6D491A009142C2 = {
			isa = PBXGroup;
			children = (
				6ABA746A1E6D491B009142C2 /* button_animations */,
				6ABA74821E6D491B009142C2 /* button_animationsTests */,
				6ABA748D1E6D491B009142C2 /* button_animationsUITests */,
				6ABA74691E6D491B009142C2 /* Products */,
			);
			sourceTree = "<group>";
		};
		6ABA74691E6D491B009142C2 /* Products */ = {
			isa = PBXGroup;
			children = (
				6ABA74681E6D491B009142C2 /* button_animations.app */,
				6ABA747F1E6D491B009142C2 /* button_animationsTests.xctest */,
				6ABA748A1E6D491B009142C2 /* button_animationsUITests.xctest */,
			);
			name = Products;
			sourceTree = "<group>";
		};
		6ABA746A1E6D491B009142C2 /* button_animations */ = {
			isa = PBXGroup;
			children = (
				6ABA746B1E6D491B009142C2 /* AppDelegate.swift */,
				6ABA746D1E6D491B009142C2 /* ViewController.swift */,
				6ABA746F1E6D491B009142C2 /* Main.storyboard */,
				6ABA74751E6D491B009142C2 /* Assets.xcassets */,
				6ABA74771E6D491B009142C2 /* LaunchScreen.storyboard */,
				6ABA747A1E6D491B009142C2 /* Info.plist */,
				6ABA74721E6D491B009142C2 /* button_animations.xcdatamodeld */,
			);
			path = button_animations;
			sourceTree = "<group>";
		};
		6ABA74821E6D491B009142C2 /* button_animationsTests */ = {
			isa = PBXGroup;
			children = (
				6ABA74831E6D491B009142C2 /* button_animationsTests.swift */,
				6ABA74851E6D491B009142C2 /* Info.plist */,
			);
			path = button_animationsTests;
			sourceTree = "<group>";
		};
		6ABA748D1E6D491B009142C2 /* button_animationsUITests */ = {
			isa = PBXGroup;
			children = (
				6ABA748E1E6D491B009142C2 /* button_animationsUITests.swift */,
				6ABA74901E6D491B009142C2 /* Info.plist */,
			);
			path = button_animationsUITests;
			sourceTree = "<group>";
		};
/* End PBXGroup section */

/* Begin PBXNativeTarget section */
		6ABA74671E6D491B009142C2 /* button_animations */ = {
			isa = PBXNativeTarget;
			buildConfigurationList = 6ABA74931E6D491B009142C2 /* Build configuration list for PBXNativeTarget "button_animations" */;
			buildPhases = (
				6ABA74641E6D491B009142C2 /* Sources */,
				6ABA74651E6D491B009142C2 /* Frameworks */,
				6ABA74661E6D491B009142C2 /* Resources */,
			);
			buildRules = (
			);
			dependencies = (
			);
			name = button_animations;
			productName = button_animations;
			productReference = 6ABA74681E6D491B009142C2 /* button_animations.app */;
			productType = "com.apple.product-type.application";
		};
		6ABA747E1E6D491B009142C2 /* button_animationsTests */ = {
			isa = PBXNativeTarget;
			buildConfigurationList = 6ABA74961E6D491B009142C2 /* Build configuration list for PBXNativeTarget "button_animationsTests" */;
			buildPhases = (
				6ABA747B1E6D491B009142C2 /* Sources */,
				6ABA747C1E6D491B009142C2 /* Frameworks */,
				6ABA747D1E6D491B009142C2 /* Resources */,
			);
			buildRules = (
			);
			dependencies = (
				6ABA74811E6D491B009142C2 /* PBXTargetDependency */,
			);
			name = button_animationsTests;
			productName = button_animationsTests;
			productReference = 6ABA747F1E6D491B009142C2 /* button_animationsTests.xctest */;
			productType = "com.apple.product-type.bundle.unit-test";
		};
		6ABA74891E6D491B009142C2 /* button_animationsUITests */ = {
			isa = PBXNativeTarget;
			buildConfigurationList = 6ABA74991E6D491B009142C2 /* Build configuration list for PBXNativeTarget "button_animationsUITests" */;
			buildPhases = (
				6ABA74861E6D491B009142C2 /* Sources */,
				6ABA74871E6D491B009142C2 /* Frameworks */,
				6ABA74881E6D491B009142C2 /* Resources */,
			);
			buildRules = (
			);
			dependencies = (
				6ABA748C1E6D491B009142C2 /* PBXTargetDependency */,
			);
			name = button_animationsUITests;
			productName = button_animationsUITests;
			productReference = 6ABA748A1E6D491B009142C2 /* button_animationsUITests.xctest */;
			productType = "com.apple.product-type.bundle.ui-testing";
		};
/* End PBXNativeTarget section */

/* Begin PBXProject section */
		6ABA74601E6D491A009142C2 /* Project object */ = {
			isa = PBXProject;
			attributes = {
				LastSwiftUpdateCheck = 0800;
				LastUpgradeCheck = 0800;
				ORGANIZATIONNAME = Vasanth;
				TargetAttributes = {
					6ABA74671E6D491B009142C2 = {
						CreatedOnToolsVersion = 8.0;
						ProvisioningStyle = Automatic;
					};
					6ABA747E1E6D491B009142C2 = {
						CreatedOnToolsVersion = 8.0;
						ProvisioningStyle = Automatic;
						TestTargetID = 6ABA74671E6D491B009142C2;
					};
					6ABA74891E6D491B009142C2 = {
						CreatedOnToolsVersion = 8.0;
						ProvisioningStyle = Automatic;
						TestTargetID = 6ABA74671E6D491B009142C2;
					};
				};
			};
			buildConfigurationList = 6ABA74631E6D491A009142C2 /* Build configuration list for PBXProject "button_animations" */;
			compatibilityVersion = "Xcode 3.2";
			developmentRegion = English;
			hasScannedForEncodings = 0;
			knownRegions = (
				en,
				Base,
			);
			mainGroup = 6ABA745F1E6D491A009142C2;
			productRefGroup = 6ABA74691E6D491B009142C2 /* Products */;
			projectDirPath = "";
			projectRoot = "";
			targets = (
				6ABA74671E6D491B009142C2 /* button_animations */,
				6ABA747E1E6D491B009142C2 /* button_animationsTests */,
				6ABA74891E6D491B009142C2 /* button_animationsUITests */,
			);
		};
/* End PBXProject section */

/* Begin PBXResourcesBuildPhase section */
		6ABA74661E6D491B009142C2 /* Resources */ = {
			isa = PBXResourcesBuildPhase;
			buildActionMask = 2147483647;
			files = (
				6ABA74791E6D491B009142C2 /* LaunchScreen.storyboard in Resources */,
				6ABA74761E6D491B009142C2 /* Assets.xcassets in Resources */,
				6ABA74711E6D491B009142C2 /* Main.storyboard in Resources */,
			);
			runOnlyForDeploymentPostprocessing = 0;
		};
		6ABA747D1E6D491B009142C2 /* Resources */ = {
			isa = PBXResourcesBuildPhase;
			buildActionMask = 2147483647;
			files = (
			);
			runOnlyForDeploymentPostprocessing = 0;
		};
		6ABA74881E6D491B009142C2 /* Resources */ = {
			isa = PBXResourcesBuildPhase;
			buildActionMask = 2147483647;
			files = (
			);
			runOnlyForDeploymentPostprocessing = 0;
		};
/* End PBXResourcesBuildPhase section */

/* Begin PBXSourcesBuildPhase section */
		6ABA74641E6D491B009142C2 /* Sources */ = {
			isa = PBXSourcesBuildPhase;
			buildActionMask = 2147483647;
			files = (
				6ABA74741E6D491B009142C2 /* button_animations.xcdatamodeld in Sources */,
				6ABA746E1E6D491B009142C2 /* ViewController.swift in Sources */,
				6ABA746C1E6D491B009142C2 /* AppDelegate.swift in Sources */,
			);
			runOnlyForDeploymentPostprocessing = 0;
		};
		6ABA747B1E6D491B009142C2 /* Sources */ = {
			isa = PBXSourcesBuildPhase;
			buildActionMask = 2147483647;
			files = (
				6ABA74841E6D491B009142C2 /* button_animationsTests.swift in Sources */,
			);
			runOnlyForDeploymentPostprocessing = 0;
		};
		6ABA74861E6D491B009142C2 /* Sources */ = {
			isa = PBXSourcesBuildPhase;
			buildActionMask = 2147483647;
			files = (
				6ABA748F1E6D491B009142C2 /* button_animationsUITests.swift in Sources */,
			);
			runOnlyForDeploymentPostprocessing = 0;
		};
/* End PBXSourcesBuildPhase section */

/* Begin PBXTargetDependency section */
		6ABA74811E6D491B009142C2 /* PBXTargetDependency */ = {
			isa = PBXTargetDependency;
			target = 6ABA74671E6D491B009142C2 /* button_animations */;
			targetProxy = 6ABA74801E6D491B009142C2 /* PBXContainerItemProxy */;
		};
		6ABA748C1E6D491B009142C2 /* PBXTargetDependency */ = {
			isa = PBXTargetDependency;
			target = 6ABA74671E6D491B009142C2 /* button_animations */;
			targetProxy = 6ABA748B1E6D491B009142C2 /* PBXContainerItemProxy */;
		};
/* End PBXTargetDependency section */

/* Begin PBXVariantGroup section */
		6ABA746F1E6D491B009142C2 /* Main.storyboard */ = {
			isa = PBXVariantGroup;
			children = (
				6ABA74701E6D491B009142C2 /* Base */,
			);
			name = Main.storyboard;
			sourceTree = "<group>";
		};
		6ABA74771E6D491B009142C2 /* LaunchScreen.storyboard */ = {
			isa = PBXVariantGroup;
			children = (
				6ABA74781E6D491B009142C2 /* Base */,
			);
			name = LaunchScreen.storyboard;
			sourceTree = "<group>";
		};
/* End PBXVariantGroup section */

/* Begin XCBuildConfiguration section */
		6ABA74911E6D491B009142C2 /* Debug */ = {
			isa = XCBuildConfiguration;
			buildSettings = {
				ALWAYS_SEARCH_USER_PATHS = NO;
				CLANG_ANALYZER_NONNULL = YES;
				CLANG_CXX_LANGUAGE_STANDARD = "gnu++0x";
				CLANG_CXX_LIBRARY = "libc++";
				CLANG_ENABLE_MODULES = YES;
				CLANG_ENABLE_OBJC_ARC = YES;
				CLANG_WARN_BOOL_CONVERSION = YES;
				CLANG_WARN_CONSTANT_CONVERSION = YES;
				CLANG_WARN_DIRECT_OBJC_ISA_USAGE = YES_ERROR;
				CLANG_WARN_DOCUMENTATION_COMMENTS = YES;
				CLANG_WARN_EMPTY_BODY = YES;
				CLANG_WARN_ENUM_CONVERSION = YES;
				CLANG_WARN_INFINITE_RECURSION = YES;
				CLANG_WARN_INT_CONVERSION = YES;
				CLANG_WARN_OBJC_ROOT_CLASS = YES_ERROR;
				CLANG_WARN_SUSPICIOUS_MOVES = YES;
				CLANG_WARN_UNREACHABLE_CODE = YES;
				CLANG_WARN__DUPLICATE_METHOD_MATCH = YES;
				"CODE_SIGN_IDENTITY[sdk=iphoneos*]" = "iPhone Developer";
				COPY_PHASE_STRIP = NO;
				DEBUG_INFORMATION_FORMAT = dwarf;
				ENABLE_STRICT_OBJC_MSGSEND = YES;
				ENABLE_TESTABILITY = YES;
				GCC_C_LANGUAGE_STANDARD = gnu99;
				GCC_DYNAMIC_NO_PIC = NO;
				GCC_NO_COMMON_BLOCKS = YES;
				GCC_OPTIMIZATION_LEVEL = 0;
				GCC_PREPROCESSOR_DEFINITIONS = (
					"DEBUG=1",
					"$(inherited)",
				);
				GCC_WARN_64_TO_32_BIT_CONVERSION = YES;
				GCC_WARN_ABOUT_RETURN_TYPE = YES_ERROR;
				GCC_WARN_UNDECLARED_SELECTOR = YES;
				GCC_WARN_UNINITIALIZED_AUTOS = YES_AGGRESSIVE;
				GCC_WARN_UNUSED_FUNCTION = YES;
				GCC_WARN_UNUSED_VARIABLE = YES;
				IPHONEOS_DEPLOYMENT_TARGET = 10.0;
				MTL_ENABLE_DEBUG_INFO = YES;
				ONLY_ACTIVE_ARCH = YES;
				SDKROOT = iphoneos;
				SWIFT_ACTIVE_COMPILATION_CONDITIONS = DEBUG;
				SWIFT_OPTIMIZATION_LEVEL = "-Onone";
			};
			name = Debug;
		};
		6ABA74921E6D491B009142C2 /* Release */ = {
			isa = XCBuildConfiguration;
			buildSettings = {
				ALWAYS_SEARCH_USER_PATHS = NO;
				CLANG_ANALYZER_NONNULL = YES;
				CLANG_CXX_LANGUAGE_STANDARD = "gnu++0x";
				CLANG_CXX_LIBRARY = "libc++";
				CLANG_ENABLE_MODULES = YES;
				CLANG_ENABLE_OBJC_ARC = YES;
				CLANG_WARN_BOOL_CONVERSION = YES;
				CLANG_WARN_CONSTANT_CONVERSION = YES;
				CLANG_WARN_DIRECT_OBJC_ISA_USAGE = YES_ERROR;
				CLANG_WARN_DOCUMENTATION_COMMENTS = YES;
				CLANG_WARN_EMPTY_BODY = YES;
				CLANG_WARN_ENUM_CONVERSION = YES;
				CLANG_WARN_INFINITE_RECURSION = YES;
				CLANG_WARN_INT_CONVERSION = YES;
				CLANG_WARN_OBJC_ROOT_CLASS = YES_ERROR;
				CLANG_WARN_SUSPICIOUS_MOVES = YES;
				CLANG_WARN_UNREACHABLE_CODE = YES;
				CLANG_WARN__DUPLICATE_METHOD_MATCH = YES;
				"CODE_SIGN_IDENTITY[sdk=iphoneos*]" = "iPhone Developer";
				COPY_PHASE_STRIP = NO;
				DEBUG_INFORMATION_FORMAT = "dwarf-with-dsym";
				ENABLE_NS_ASSERTIONS = NO;
				ENABLE_STRICT_OBJC_MSGSEND = YES;
				GCC_C_LANGUAGE_STANDARD = gnu99;
				GCC_NO_COMMON_BLOCKS = YES;
				GCC_WARN_64_TO_32_BIT_CONVERSION = YES;
				GCC_WARN_ABOUT_RETURN_TYPE = YES_ERROR;
				GCC_WARN_UNDECLARED_SELECTOR = YES;
				GCC_WARN_UNINITIALIZED_AUTOS = YES_AGGRESSIVE;
				GCC_WARN_UNUSED_FUNCTION = YES;
				GCC_WARN_UNUSED_VARIABLE = YES;
				IPHONEOS_DEPLOYMENT_TARGET = 10.0;
				MTL_ENABLE_DEBUG_INFO = NO;
				SDKROOT = iphoneos;
				SWIFT_OPTIMIZATION_LEVEL = "-Owholemodule";
				VALIDATE_PRODUCT = YES;
			};
			name = Release;
		};
		6ABA74941E6D491B009142C2 /* Debug */ = {
			isa = XCBuildConfiguration;
			buildSettings = {
				ASSETCATALOG_COMPILER_APPICON_NAME = AppIcon;
				INFOPLIST_FILE = button_animations/Info.plist;
				LD_RUNPATH_SEARCH_PATHS = "$(inherited) @executable_path/Frameworks";
				PRODUCT_BUNDLE_IDENTIFIER = "com.inventure.button-animations";
				PRODUCT_NAME = "$(TARGET_NAME)";
				SWIFT_VERSION = 3.0;
			};
			name = Debug;
		};
		6ABA74951E6D491B009142C2 /* Release */ = {
			isa = XCBuildConfiguration;
			buildSettings = {
				ASSETCATALOG_COMPILER_APPICON_NAME = AppIcon;
				INFOPLIST_FILE = button_animations/Info.plist;
				LD_RUNPATH_SEARCH_PATHS = "$(inherited) @executable_path/Frameworks";
				PRODUCT_BUNDLE_IDENTIFIER = "com.inventure.button-animations";
				PRODUCT_NAME = "$(TARGET_NAME)";
				SWIFT_VERSION = 3.0;
			};
			name = Release;
		};
		6ABA74971E6D491B009142C2 /* Debug */ = {
			isa = XCBuildConfiguration;
			buildSettings = {
				ALWAYS_EMBED_SWIFT_STANDARD_LIBRARIES = YES;
				BUNDLE_LOADER = "$(TEST_HOST)";
				INFOPLIST_FILE = button_animationsTests/Info.plist;
				LD_RUNPATH_SEARCH_PATHS = "$(inherited) @executable_path/Frameworks @loader_path/Frameworks";
				PRODUCT_BUNDLE_IDENTIFIER = "com.inventure.button-animationsTests";
				PRODUCT_NAME = "$(TARGET_NAME)";
				SWIFT_VERSION = 3.0;
				TEST_HOST = "$(BUILT_PRODUCTS_DIR)/button_animations.app/button_animations";
			};
			name = Debug;
		};
		6ABA74981E6D491B009142C2 /* Release */ = {
			isa = XCBuildConfiguration;
			buildSettings = {
				ALWAYS_EMBED_SWIFT_STANDARD_LIBRARIES = YES;
				BUNDLE_LOADER = "$(TEST_HOST)";
				INFOPLIST_FILE = button_animationsTests/Info.plist;
				LD_RUNPATH_SEARCH_PATHS = "$(inherited) @executable_path/Frameworks @loader_path/Frameworks";
				PRODUCT_BUNDLE_IDENTIFIER = "com.inventure.button-animationsTests";
				PRODUCT_NAME = "$(TARGET_NAME)";
				SWIFT_VERSION = 3.0;
				TEST_HOST = "$(BUILT_PRODUCTS_DIR)/button_animations.app/button_animations";
			};
			name = Release;
		};
		6ABA749A1E6D491B009142C2 /* Debug */ = {
			isa = XCBuildConfiguration;
			buildSettings = {
				ALWAYS_EMBED_SWIFT_STANDARD_LIBRARIES = YES;
				INFOPLIST_FILE = button_animationsUITests/Info.plist;
				LD_RUNPATH_SEARCH_PATHS = "$(inherited) @executable_path/Frameworks @loader_path/Frameworks";
				PRODUCT_BUNDLE_IDENTIFIER = "com.inventure.button-animationsUITests";
				PRODUCT_NAME = "$(TARGET_NAME)";
				SWIFT_VERSION = 3.0;
				TEST_TARGET_NAME = button_animations;
			};
			name = Debug;
		};
		6ABA749B1E6D491B009142C2 /* Release */ = {
			isa = XCBuildConfiguration;
			buildSettings = {
				ALWAYS_EMBED_SWIFT_STANDARD_LIBRARIES = YES;
				INFOPLIST_FILE = button_animationsUITests/Info.plist;
				LD_RUNPATH_SEARCH_PATHS = "$(inherited) @executable_path/Frameworks @loader_path/Frameworks";
				PRODUCT_BUNDLE_IDENTIFIER = "com.inventure.button-animationsUITests";
				PRODUCT_NAME = "$(TARGET_NAME)";
				SWIFT_VERSION = 3.0;
				TEST_TARGET_NAME = button_animations;
			};
			name = Release;
		};
/* End XCBuildConfiguration section */

/* Begin XCConfigurationList section */
		6ABA74631E6D491A009142C2 /* Build configuration list for PBXProject "button_animations" */ = {
			isa = XCConfigurationList;
			buildConfigurations = (
				6ABA74911E6D491B009142C2 /* Debug */,
				6ABA74921E6D491B009142C2 /* Release */,
			);
			defaultConfigurationIsVisible = 0;
			defaultConfigurationName = Release;
		};
		6ABA74931E6D491B009142C2 /* Build configuration list for PBXNativeTarget "button_animations" */ = {
			isa = XCConfigurationList;
			buildConfigurations = (
				6ABA74941E6D491B009142C2 /* Debug */,
				6ABA74951E6D491B009142C2 /* Release */,
			);
			defaultConfigurationIsVisible = 0;
		};
		6ABA74961E6D491B009142C2 /* Build configuration list for PBXNativeTarget "button_animationsTests" */ = {
			isa = XCConfigurationList;
			buildConfigurations = (
				6ABA74971E6D491B009142C2 /* Debug */,
				6ABA74981E6D491B009142C2 /* Release */,
			);
			defaultConfigurationIsVisible = 0;
		};
		6ABA74991E6D491B009142C2 /* Build configuration list for PBXNativeTarget "button_animationsUITests" */ = {
			isa = XCConfigurationList;
			buildConfigurations = (
				6ABA749A1E6D491B009142C2 /* Debug */,
				6ABA749B1E6D491B009142C2 /* Release */,
			);
			defaultConfigurationIsVisible = 0;
		};
/* End XCConfigurationList section */

/* Begin XCVersionGroup section */
		6ABA74721E6D491B009142C2 /* button_animations.xcdatamodeld */ = {
			isa = XCVersionGroup;
			children = (
				6ABA74731E6D491B009142C2 /* button_animations.xcdatamodel */,
			);
			currentVersion = 6ABA74731E6D491B009142C2 /* button_animations.xcdatamodel */;
			path = button_animations.xcdatamodeld;
			sourceTree = "<group>";
			versionGroupType = wrapper.xcdatamodel;
		};
/* End XCVersionGroup section */
	};
	rootObject = 6ABA74601E6D491A009142C2 /* Project object */;
}
